
Microsoft Visual Studio Solution File, Format Version 12.00
# Visual Studio Version 16
VisualStudioVersion = 16.0.30114.105
MinimumVisualStudioVersion = 10.0.40219.1
Project("{2150E333-8FDC-42A3-9474-1A3956D46DE8}") = "Declarative", "Declarative", "{AB6D784B-47C0-4D15-9CD8-B46D0FE332DB}"
EndProject
Project("{FAE04EC0-301F-11D3-BF4B-00C04F79EFBC}") = "DeclarativePM.Demo", "Declarative\DeclarativePM.Demo\DeclarativePM.Demo.csproj", "{2AED84A1-FF87-427D-8B4A-AA5C59BA2CD6}"
EndProject
Project("{FAE04EC0-301F-11D3-BF4B-00C04F79EFBC}") = "DeclarativePM.Lib", "Declarative\DeclarativePM.Lib\DeclarativePM.Lib.csproj", "{EC424AE8-4975-498E-A58D-099A04D13450}"
EndProject
Project("{FAE04EC0-301F-11D3-BF4B-00C04F79EFBC}") = "DeclarativePM.Tests", "Declarative\DeclarativePM.Tests\DeclarativePM.Tests.csproj", "{EA30F44F-B237-4D0A-97F1-6FF96EF4EDAA}"
EndProject
Project("{FAE04EC0-301F-11D3-BF4B-00C04F79EFBC}") = "DeclarativePM.UI", "Declarative\DeclarativePM.UI\DeclarativePM.UI.csproj", "{24899DFC-F3FE-43D4-8B7E-25F1D6E890E0}"
EndProject
Project("{2150E333-8FDC-42A3-9474-1A3956D46DE8}") = "Imperative", "Imperative", "{1F9A102F-F6FA-4158-B9D6-FC8FA050F7B0}"
EndProject
Project("{FAE04EC0-301F-11D3-BF4B-00C04F79EFBC}") = "ProcessM.NET-tests", "Imperative\ProcessM.NET-tests\ProcessM.NET-tests.csproj", "{85BBC7D7-66BF-4590-AB61-4A05C938CC50}"
EndProject
Project("{FAE04EC0-301F-11D3-BF4B-00C04F79EFBC}") = "ProcessM.NET", "Imperative\ProcessM.NET\ProcessM.NET.csproj", "{C6022AF5-EB85-4F39-95AB-5DEA4883946D}"
EndProject
Project("{FAE04EC0-301F-11D3-BF4B-00C04F79EFBC}") = "Web", "Imperative\Web\Web.csproj", "{49F77D20-7504-4C44-BDDF-F01F2299ABDF}"
EndProject
Project("{2150E333-8FDC-42A3-9474-1A3956D46DE8}") = "Import", "Import", "{6A407D0A-EA75-4B2B-88D1-1D54325A2E99}"
EndProject
Project("{FAE04EC0-301F-11D3-BF4B-00C04F79EFBC}") = "LogImport", "Import\LogImport\LogImport.csproj", "{E6FCA360-4798-4C8C-9ECE-BF921C2EF518}"
EndProject
Project("{FAE04EC0-301F-11D3-BF4B-00C04F79EFBC}") = "LogImport.Tests", "Import\LogImport.Tests\LogImport.Tests.csproj", "{D48BF262-0591-4955-9D86-DE863D59B3B7}"
EndProject
Global
	GlobalSection(SolutionConfigurationPlatforms) = preSolution
		Debug|Any CPU = Debug|Any CPU
		Debug|x64 = Debug|x64
		Debug|x86 = Debug|x86
		Release|Any CPU = Release|Any CPU
		Release|x64 = Release|x64
		Release|x86 = Release|x86
	EndGlobalSection
	GlobalSection(ProjectConfigurationPlatforms) = postSolution
		{2AED84A1-FF87-427D-8B4A-AA5C59BA2CD6}.Debug|Any CPU.ActiveCfg = Debug|Any CPU
		{2AED84A1-FF87-427D-8B4A-AA5C59BA2CD6}.Debug|Any CPU.Build.0 = Debug|Any CPU
		{2AED84A1-FF87-427D-8B4A-AA5C59BA2CD6}.Debug|x64.ActiveCfg = Debug|Any CPU
		{2AED84A1-FF87-427D-8B4A-AA5C59BA2CD6}.Debug|x64.Build.0 = Debug|Any CPU
		{2AED84A1-FF87-427D-8B4A-AA5C59BA2CD6}.Debug|x86.ActiveCfg = Debug|Any CPU
		{2AED84A1-FF87-427D-8B4A-AA5C59BA2CD6}.Debug|x86.Build.0 = Debug|Any CPU
		{2AED84A1-FF87-427D-8B4A-AA5C59BA2CD6}.Release|Any CPU.ActiveCfg = Release|Any CPU
		{2AED84A1-FF87-427D-8B4A-AA5C59BA2CD6}.Release|Any CPU.Build.0 = Release|Any CPU
		{2AED84A1-FF87-427D-8B4A-AA5C59BA2CD6}.Release|x64.ActiveCfg = Release|Any CPU
		{2AED84A1-FF87-427D-8B4A-AA5C59BA2CD6}.Release|x64.Build.0 = Release|Any CPU
		{2AED84A1-FF87-427D-8B4A-AA5C59BA2CD6}.Release|x86.ActiveCfg = Release|Any CPU
		{2AED84A1-FF87-427D-8B4A-AA5C59BA2CD6}.Release|x86.Build.0 = Release|Any CPU
		{EC424AE8-4975-498E-A58D-099A04D13450}.Debug|Any CPU.ActiveCfg = Debug|Any CPU
		{EC424AE8-4975-498E-A58D-099A04D13450}.Debug|Any CPU.Build.0 = Debug|Any CPU
		{EC424AE8-4975-498E-A58D-099A04D13450}.Debug|x64.ActiveCfg = Debug|Any CPU
		{EC424AE8-4975-498E-A58D-099A04D13450}.Debug|x64.Build.0 = Debug|Any CPU
		{EC424AE8-4975-498E-A58D-099A04D13450}.Debug|x86.ActiveCfg = Debug|Any CPU
		{EC424AE8-4975-498E-A58D-099A04D13450}.Debug|x86.Build.0 = Debug|Any CPU
		{EC424AE8-4975-498E-A58D-099A04D13450}.Release|Any CPU.ActiveCfg = Release|Any CPU
		{EC424AE8-4975-498E-A58D-099A04D13450}.Release|Any CPU.Build.0 = Release|Any CPU
		{EC424AE8-4975-498E-A58D-099A04D13450}.Release|x64.ActiveCfg = Release|Any CPU
		{EC424AE8-4975-498E-A58D-099A04D13450}.Release|x64.Build.0 = Release|Any CPU
		{EC424AE8-4975-498E-A58D-099A04D13450}.Release|x86.ActiveCfg = Release|Any CPU
		{EC424AE8-4975-498E-A58D-099A04D13450}.Release|x86.Build.0 = Release|Any CPU
		{EA30F44F-B237-4D0A-97F1-6FF96EF4EDAA}.Debug|Any CPU.ActiveCfg = Debug|Any CPU
		{EA30F44F-B237-4D0A-97F1-6FF96EF4EDAA}.Debug|Any CPU.Build.0 = Debug|Any CPU
		{EA30F44F-B237-4D0A-97F1-6FF96EF4EDAA}.Debug|x64.ActiveCfg = Debug|Any CPU
		{EA30F44F-B237-4D0A-97F1-6FF96EF4EDAA}.Debug|x64.Build.0 = Debug|Any CPU
		{EA30F44F-B237-4D0A-97F1-6FF96EF4EDAA}.Debug|x86.ActiveCfg = Debug|Any CPU
		{EA30F44F-B237-4D0A-97F1-6FF96EF4EDAA}.Debug|x86.Build.0 = Debug|Any CPU
		{EA30F44F-B237-4D0A-97F1-6FF96EF4EDAA}.Release|Any CPU.ActiveCfg = Release|Any CPU
		{EA30F44F-B237-4D0A-97F1-6FF96EF4EDAA}.Release|Any CPU.Build.0 = Release|Any CPU
		{EA30F44F-B237-4D0A-97F1-6FF96EF4EDAA}.Release|x64.ActiveCfg = Release|Any CPU
		{EA30F44F-B237-4D0A-97F1-6FF96EF4EDAA}.Release|x64.Build.0 = Release|Any CPU
		{EA30F44F-B237-4D0A-97F1-6FF96EF4EDAA}.Release|x86.ActiveCfg = Release|Any CPU
		{EA30F44F-B237-4D0A-97F1-6FF96EF4EDAA}.Release|x86.Build.0 = Release|Any CPU
		{24899DFC-F3FE-43D4-8B7E-25F1D6E890E0}.Debug|Any CPU.ActiveCfg = Debug|Any CPU
		{24899DFC-F3FE-43D4-8B7E-25F1D6E890E0}.Debug|Any CPU.Build.0 = Debug|Any CPU
		{24899DFC-F3FE-43D4-8B7E-25F1D6E890E0}.Debug|x64.ActiveCfg = Debug|Any CPU
		{24899DFC-F3FE-43D4-8B7E-25F1D6E890E0}.Debug|x64.Build.0 = Debug|Any CPU
		{24899DFC-F3FE-43D4-8B7E-25F1D6E890E0}.Debug|x86.ActiveCfg = Debug|Any CPU
		{24899DFC-F3FE-43D4-8B7E-25F1D6E890E0}.Debug|x86.Build.0 = Debug|Any CPU
		{24899DFC-F3FE-43D4-8B7E-25F1D6E890E0}.Release|Any CPU.ActiveCfg = Release|Any CPU
		{24899DFC-F3FE-43D4-8B7E-25F1D6E890E0}.Release|Any CPU.Build.0 = Release|Any CPU
		{24899DFC-F3FE-43D4-8B7E-25F1D6E890E0}.Release|x64.ActiveCfg = Release|Any CPU
		{24899DFC-F3FE-43D4-8B7E-25F1D6E890E0}.Release|x64.Build.0 = Release|Any CPU
		{24899DFC-F3FE-43D4-8B7E-25F1D6E890E0}.Release|x86.ActiveCfg = Release|Any CPU
		{24899DFC-F3FE-43D4-8B7E-25F1D6E890E0}.Release|x86.Build.0 = Release|Any CPU
		{85BBC7D7-66BF-4590-AB61-4A05C938CC50}.Debug|Any CPU.ActiveCfg = Debug|Any CPU
		{85BBC7D7-66BF-4590-AB61-4A05C938CC50}.Debug|Any CPU.Build.0 = Debug|Any CPU
		{85BBC7D7-66BF-4590-AB61-4A05C938CC50}.Debug|x64.ActiveCfg = Debug|Any CPU
		{85BBC7D7-66BF-4590-AB61-4A05C938CC50}.Debug|x64.Build.0 = Debug|Any CPU
		{85BBC7D7-66BF-4590-AB61-4A05C938CC50}.Debug|x86.ActiveCfg = Debug|Any CPU
		{85BBC7D7-66BF-4590-AB61-4A05C938CC50}.Debug|x86.Build.0 = Debug|Any CPU
		{85BBC7D7-66BF-4590-AB61-4A05C938CC50}.Release|Any CPU.ActiveCfg = Release|Any CPU
		{85BBC7D7-66BF-4590-AB61-4A05C938CC50}.Release|Any CPU.Build.0 = Release|Any CPU
		{85BBC7D7-66BF-4590-AB61-4A05C938CC50}.Release|x64.ActiveCfg = Release|Any CPU
		{85BBC7D7-66BF-4590-AB61-4A05C938CC50}.Release|x64.Build.0 = Release|Any CPU
		{85BBC7D7-66BF-4590-AB61-4A05C938CC50}.Release|x86.ActiveCfg = Release|Any CPU
		{85BBC7D7-66BF-4590-AB61-4A05C938CC50}.Release|x86.Build.0 = Release|Any CPU
		{C6022AF5-EB85-4F39-95AB-5DEA4883946D}.Debug|Any CPU.ActiveCfg = Debug|Any CPU
		{C6022AF5-EB85-4F39-95AB-5DEA4883946D}.Debug|Any CPU.Build.0 = Debug|Any CPU
		{C6022AF5-EB85-4F39-95AB-5DEA4883946D}.Debug|x64.ActiveCfg = Debug|Any CPU
		{C6022AF5-EB85-4F39-95AB-5DEA4883946D}.Debug|x64.Build.0 = Debug|Any CPU
		{C6022AF5-EB85-4F39-95AB-5DEA4883946D}.Debug|x86.ActiveCfg = Debug|Any CPU
		{C6022AF5-EB85-4F39-95AB-5DEA4883946D}.Debug|x86.Build.0 = Debug|Any CPU
		{C6022AF5-EB85-4F39-95AB-5DEA4883946D}.Release|Any CPU.ActiveCfg = Release|Any CPU
		{C6022AF5-EB85-4F39-95AB-5DEA4883946D}.Release|Any CPU.Build.0 = Release|Any CPU
		{C6022AF5-EB85-4F39-95AB-5DEA4883946D}.Release|x64.ActiveCfg = Release|Any CPU
		{C6022AF5-EB85-4F39-95AB-5DEA4883946D}.Release|x64.Build.0 = Release|Any CPU
		{C6022AF5-EB85-4F39-95AB-5DEA4883946D}.Release|x86.ActiveCfg = Release|Any CPU
		{C6022AF5-EB85-4F39-95AB-5DEA4883946D}.Release|x86.Build.0 = Release|Any CPU
		{49F77D20-7504-4C44-BDDF-F01F2299ABDF}.Debug|Any CPU.ActiveCfg = Debug|Any CPU
		{49F77D20-7504-4C44-BDDF-F01F2299ABDF}.Debug|Any CPU.Build.0 = Debug|Any CPU
		{49F77D20-7504-4C44-BDDF-F01F2299ABDF}.Debug|x64.ActiveCfg = Debug|Any CPU
		{49F77D20-7504-4C44-BDDF-F01F2299ABDF}.Debug|x64.Build.0 = Debug|Any CPU
		{49F77D20-7504-4C44-BDDF-F01F2299ABDF}.Debug|x86.ActiveCfg = Debug|Any CPU
		{49F77D20-7504-4C44-BDDF-F01F2299ABDF}.Debug|x86.Build.0 = Debug|Any CPU
		{49F77D20-7504-4C44-BDDF-F01F2299ABDF}.Release|Any CPU.ActiveCfg = Release|Any CPU
		{49F77D20-7504-4C44-BDDF-F01F2299ABDF}.Release|Any CPU.Build.0 = Release|Any CPU
		{49F77D20-7504-4C44-BDDF-F01F2299ABDF}.Release|x64.ActiveCfg = Release|Any CPU
		{49F77D20-7504-4C44-BDDF-F01F2299ABDF}.Release|x64.Build.0 = Release|Any CPU
		{49F77D20-7504-4C44-BDDF-F01F2299ABDF}.Release|x86.ActiveCfg = Release|Any CPU
		{49F77D20-7504-4C44-BDDF-F01F2299ABDF}.Release|x86.Build.0 = Release|Any CPU
		{E6FCA360-4798-4C8C-9ECE-BF921C2EF518}.Debug|Any CPU.ActiveCfg = Debug|Any CPU
		{E6FCA360-4798-4C8C-9ECE-BF921C2EF518}.Debug|Any CPU.Build.0 = Debug|Any CPU
		{E6FCA360-4798-4C8C-9ECE-BF921C2EF518}.Debug|x64.ActiveCfg = Debug|Any CPU
		{E6FCA360-4798-4C8C-9ECE-BF921C2EF518}.Debug|x64.Build.0 = Debug|Any CPU
		{E6FCA360-4798-4C8C-9ECE-BF921C2EF518}.Debug|x86.ActiveCfg = Debug|Any CPU
		{E6FCA360-4798-4C8C-9ECE-BF921C2EF518}.Debug|x86.Build.0 = Debug|Any CPU
		{E6FCA360-4798-4C8C-9ECE-BF921C2EF518}.Release|Any CPU.ActiveCfg = Release|Any CPU
		{E6FCA360-4798-4C8C-9ECE-BF921C2EF518}.Release|Any CPU.Build.0 = Release|Any CPU
		{E6FCA360-4798-4C8C-9ECE-BF921C2EF518}.Release|x64.ActiveCfg = Release|Any CPU
		{E6FCA360-4798-4C8C-9ECE-BF921C2EF518}.Release|x64.Build.0 = Release|Any CPU
		{E6FCA360-4798-4C8C-9ECE-BF921C2EF518}.Release|x86.ActiveCfg = Release|Any CPU
		{E6FCA360-4798-4C8C-9ECE-BF921C2EF518}.Release|x86.Build.0 = Release|Any CPU
		{D48BF262-0591-4955-9D86-DE863D59B3B7}.Debug|Any CPU.ActiveCfg = Debug|Any CPU
		{D48BF262-0591-4955-9D86-DE863D59B3B7}.Debug|Any CPU.Build.0 = Debug|Any CPU
		{D48BF262-0591-4955-9D86-DE863D59B3B7}.Debug|x64.ActiveCfg = Debug|Any CPU
		{D48BF262-0591-4955-9D86-DE863D59B3B7}.Debug|x64.Build.0 = Debug|Any CPU
		{D48BF262-0591-4955-9D86-DE863D59B3B7}.Debug|x86.ActiveCfg = Debug|Any CPU
		{D48BF262-0591-4955-9D86-DE863D59B3B7}.Debug|x86.Build.0 = Debug|Any CPU
		{D48BF262-0591-4955-9D86-DE863D59B3B7}.Release|Any CPU.ActiveCfg = Release|Any CPU
		{D48BF262-0591-4955-9D86-DE863D59B3B7}.Release|Any CPU.Build.0 = Release|Any CPU
		{D48BF262-0591-4955-9D86-DE863D59B3B7}.Release|x64.ActiveCfg = Release|Any CPU
		{D48BF262-0591-4955-9D86-DE863D59B3B7}.Release|x64.Build.0 = Release|Any CPU
		{D48BF262-0591-4955-9D86-DE863D59B3B7}.Release|x86.ActiveCfg = Release|Any CPU
		{D48BF262-0591-4955-9D86-DE863D59B3B7}.Release|x86.Build.0 = Release|Any CPU
	EndGlobalSection
	GlobalSection(SolutionProperties) = preSolution
		HideSolutionNode = FALSE
	EndGlobalSection
	GlobalSection(NestedProjects) = preSolution
		{2AED84A1-FF87-427D-8B4A-AA5C59BA2CD6} = {AB6D784B-47C0-4D15-9CD8-B46D0FE332DB}
		{EC424AE8-4975-498E-A58D-099A04D13450} = {AB6D784B-47C0-4D15-9CD8-B46D0FE332DB}
		{EA30F44F-B237-4D0A-97F1-6FF96EF4EDAA} = {AB6D784B-47C0-4D15-9CD8-B46D0FE332DB}
		{24899DFC-F3FE-43D4-8B7E-25F1D6E890E0} = {AB6D784B-47C0-4D15-9CD8-B46D0FE332DB}
		{85BBC7D7-66BF-4590-AB61-4A05C938CC50} = {1F9A102F-F6FA-4158-B9D6-FC8FA050F7B0}
		{C6022AF5-EB85-4F39-95AB-5DEA4883946D} = {1F9A102F-F6FA-4158-B9D6-FC8FA050F7B0}
		{49F77D20-7504-4C44-BDDF-F01F2299ABDF} = {1F9A102F-F6FA-4158-B9D6-FC8FA050F7B0}
		{E6FCA360-4798-4C8C-9ECE-BF921C2EF518} = {6A407D0A-EA75-4B2B-88D1-1D54325A2E99}
		{D48BF262-0591-4955-9D86-DE863D59B3B7} = {6A407D0A-EA75-4B2B-88D1-1D54325A2E99}
	EndGlobalSection
EndGlobal
